// !$*UTF8*$!
{
	archiveVersion = 1;
	classes = {
	};
	objectVersion = 56;
	objects = {

/* Begin PBXBuildFile section */
		D20AC4E12C05BBA800E6C26A /* CodePlaygroundApp.swift in Sources */ = {isa = PBXBuildFile; fileRef = D20AC4E02C05BBA800E6C26A /* CodePlaygroundApp.swift */; };
		D20AC4E32C05BBA800E6C26A /* ContentView.swift in Sources */ = {isa = PBXBuildFile; fileRef = D20AC4E22C05BBA800E6C26A /* ContentView.swift */; };
		D20AC4E52C05BBA900E6C26A /* Assets.xcassets in Resources */ = {isa = PBXBuildFile; fileRef = D20AC4E42C05BBA900E6C26A /* Assets.xcassets */; };
		D20AC4E82C05BBA900E6C26A /* Preview Assets.xcassets in Resources */ = {isa = PBXBuildFile; fileRef = D20AC4E72C05BBA900E6C26A /* Preview Assets.xcassets */; };
		D20AC4F62C05BFC500E6C26A /* HomeView.swift in Sources */ = {isa = PBXBuildFile; fileRef = D20AC4F52C05BFC500E6C26A /* HomeView.swift */; };
		D20AC4F92C05C02C00E6C26A /* UserView.swift in Sources */ = {isa = PBXBuildFile; fileRef = D20AC4F82C05C02C00E6C26A /* UserView.swift */; };
		D20AC4FB2C05C06800E6C26A /* SettingsView.swift in Sources */ = {isa = PBXBuildFile; fileRef = D20AC4FA2C05C06800E6C26A /* SettingsView.swift */; };
		D20AC4FD2C05C0A400E6C26A /* User.swift in Sources */ = {isa = PBXBuildFile; fileRef = D20AC4FC2C05C0A400E6C26A /* User.swift */; };
		D20AC5002C05C0D200E6C26A /* BlockProtocol.swift in Sources */ = {isa = PBXBuildFile; fileRef = D20AC4FF2C05C0D200E6C26A /* BlockProtocol.swift */; };
		D20AC5022C05C0F400E6C26A /* UserViewModel.swift in Sources */ = {isa = PBXBuildFile; fileRef = D20AC5012C05C0F400E6C26A /* UserViewModel.swift */; };
		D20AC5042C05C12200E6C26A /* PlaygroundProject.swift in Sources */ = {isa = PBXBuildFile; fileRef = D20AC5032C05C12200E6C26A /* PlaygroundProject.swift */; };
		D20AC5082C05C44700E6C26A /* GoogleService-Info.plist in Resources */ = {isa = PBXBuildFile; fileRef = D20AC5072C05C44700E6C26A /* GoogleService-Info.plist */; };
		D20AC50B2C05C54300E6C26A /* FirebaseAuth in Frameworks */ = {isa = PBXBuildFile; productRef = D20AC50A2C05C54300E6C26A /* FirebaseAuth */; };
		D20AC50D2C05C54300E6C26A /* FirebaseDatabase in Frameworks */ = {isa = PBXBuildFile; productRef = D20AC50C2C05C54300E6C26A /* FirebaseDatabase */; };
		D20AC50F2C05C54300E6C26A /* FirebaseDatabaseSwift in Frameworks */ = {isa = PBXBuildFile; productRef = D20AC50E2C05C54300E6C26A /* FirebaseDatabaseSwift */; };
		D20AC5112C05C54300E6C26A /* FirebaseFirestore in Frameworks */ = {isa = PBXBuildFile; productRef = D20AC5102C05C54300E6C26A /* FirebaseFirestore */; };
		D20AC5132C05C54300E6C26A /* FirebaseFirestoreCombine-Community in Frameworks */ = {isa = PBXBuildFile; productRef = D20AC5122C05C54300E6C26A /* FirebaseFirestoreCombine-Community */; };
		D20AC5152C05C54300E6C26A /* FirebaseFirestoreSwift in Frameworks */ = {isa = PBXBuildFile; productRef = D20AC5142C05C54300E6C26A /* FirebaseFirestoreSwift */; };
		D20AC5172C05C54300E6C26A /* FirebaseStorage in Frameworks */ = {isa = PBXBuildFile; productRef = D20AC5162C05C54300E6C26A /* FirebaseStorage */; };
		D20AC5192C05C54300E6C26A /* FirebaseStorageCombine-Community in Frameworks */ = {isa = PBXBuildFile; productRef = D20AC5182C05C54300E6C26A /* FirebaseStorageCombine-Community */; };
		D20AC51C2C05D8A300E6C26A /* LogInView.swift in Sources */ = {isa = PBXBuildFile; fileRef = D20AC51B2C05D8A300E6C26A /* LogInView.swift */; };
		D20AC51E2C05D8B400E6C26A /* RegistrationView.swift in Sources */ = {isa = PBXBuildFile; fileRef = D20AC51D2C05D8B400E6C26A /* RegistrationView.swift */; };
		D20AC5202C05D96A00E6C26A /* InputView.swift in Sources */ = {isa = PBXBuildFile; fileRef = D20AC51F2C05D96A00E6C26A /* InputView.swift */; };
		D20AC5222C05F78D00E6C26A /* HeaderView.swift in Sources */ = {isa = PBXBuildFile; fileRef = D20AC5212C05F78D00E6C26A /* HeaderView.swift */; };
		D20AC5242C05FC3500E6C26A /* CreatingProjectView.swift in Sources */ = {isa = PBXBuildFile; fileRef = D20AC5232C05FC3500E6C26A /* CreatingProjectView.swift */; };
		D218F86C2C0C9A93001976C1 /* Extensions.swift in Sources */ = {isa = PBXBuildFile; fileRef = D218F86B2C0C9A93001976C1 /* Extensions.swift */; };
		D25EED7E2C1AF1CB006BE45F /* BlockShapes.swift in Sources */ = {isa = PBXBuildFile; fileRef = D25EED7D2C1AF1CB006BE45F /* BlockShapes.swift */; };
		D25EED802C1B035D006BE45F /* CustomShapes.swift in Sources */ = {isa = PBXBuildFile; fileRef = D25EED7F2C1B035D006BE45F /* CustomShapes.swift */; };
		D282A5912C11CF28004D8FFF /* BlocksCategoryView.swift in Sources */ = {isa = PBXBuildFile; fileRef = D282A5902C11CF28004D8FFF /* BlocksCategoryView.swift */; };
		D282A5932C11D297004D8FFF /* SceneView.swift in Sources */ = {isa = PBXBuildFile; fileRef = D282A5922C11D297004D8FFF /* SceneView.swift */; };
		D282A5952C11DE83004D8FFF /* CodeView.swift in Sources */ = {isa = PBXBuildFile; fileRef = D282A5942C11DE83004D8FFF /* CodeView.swift */; };
		D2C804032C0B7ED4003B7DDF /* PlaygroundView.swift in Sources */ = {isa = PBXBuildFile; fileRef = D2C804022C0B7ED4003B7DDF /* PlaygroundView.swift */; };
		D2F8F2A42C09BB2B00A95CB9 /* PlaygroundCharacter.swift in Sources */ = {isa = PBXBuildFile; fileRef = D2F8F2A32C09BB2B00A95CB9 /* PlaygroundCharacter.swift */; };
		D2F8F2A62C09BCB000A95CB9 /* CodeBlock.swift in Sources */ = {isa = PBXBuildFile; fileRef = D2F8F2A52C09BCB000A95CB9 /* CodeBlock.swift */; };
		D2F8F2A82C09BF3E00A95CB9 /* ProjectViewModel.swift in Sources */ = {isa = PBXBuildFile; fileRef = D2F8F2A72C09BF3E00A95CB9 /* ProjectViewModel.swift */; };
		D2F8F2AA2C09C37F00A95CB9 /* CharacterViewModel.swift in Sources */ = {isa = PBXBuildFile; fileRef = D2F8F2A92C09C37F00A95CB9 /* CharacterViewModel.swift */; };
		D2F8F2AC2C09C4C600A95CB9 /* CodeBlockViewModel.swift in Sources */ = {isa = PBXBuildFile; fileRef = D2F8F2AB2C09C4C600A95CB9 /* CodeBlockViewModel.swift */; };
		D2F8F2AE2C09CE8E00A95CB9 /* PlaygroundPreview.swift in Sources */ = {isa = PBXBuildFile; fileRef = D2F8F2AD2C09CE8E00A95CB9 /* PlaygroundPreview.swift */; };
/* End PBXBuildFile section */

/* Begin PBXFileReference section */
		D20AC4DD2C05BBA800E6C26A /* CodePlayground.app */ = {isa = PBXFileReference; explicitFileType = wrapper.application; includeInIndex = 0; path = CodePlayground.app; sourceTree = BUILT_PRODUCTS_DIR; };
		D20AC4E02C05BBA800E6C26A /* CodePlaygroundApp.swift */ = {isa = PBXFileReference; lastKnownFileType = sourcecode.swift; path = CodePlaygroundApp.swift; sourceTree = "<group>"; };
		D20AC4E22C05BBA800E6C26A /* ContentView.swift */ = {isa = PBXFileReference; lastKnownFileType = sourcecode.swift; path = ContentView.swift; sourceTree = "<group>"; };
		D20AC4E42C05BBA900E6C26A /* Assets.xcassets */ = {isa = PBXFileReference; lastKnownFileType = folder.assetcatalog; path = Assets.xcassets; sourceTree = "<group>"; };
		D20AC4E72C05BBA900E6C26A /* Preview Assets.xcassets */ = {isa = PBXFileReference; lastKnownFileType = folder.assetcatalog; path = "Preview Assets.xcassets"; sourceTree = "<group>"; };
		D20AC4F52C05BFC500E6C26A /* HomeView.swift */ = {isa = PBXFileReference; lastKnownFileType = sourcecode.swift; path = HomeView.swift; sourceTree = "<group>"; };
		D20AC4F82C05C02C00E6C26A /* UserView.swift */ = {isa = PBXFileReference; lastKnownFileType = sourcecode.swift; path = UserView.swift; sourceTree = "<group>"; };
		D20AC4FA2C05C06800E6C26A /* SettingsView.swift */ = {isa = PBXFileReference; lastKnownFileType = sourcecode.swift; path = SettingsView.swift; sourceTree = "<group>"; };
		D20AC4FC2C05C0A400E6C26A /* User.swift */ = {isa = PBXFileReference; lastKnownFileType = sourcecode.swift; path = User.swift; sourceTree = "<group>"; };
		D20AC4FF2C05C0D200E6C26A /* BlockProtocol.swift */ = {isa = PBXFileReference; lastKnownFileType = sourcecode.swift; path = BlockProtocol.swift; sourceTree = "<group>"; };
		D20AC5012C05C0F400E6C26A /* UserViewModel.swift */ = {isa = PBXFileReference; lastKnownFileType = sourcecode.swift; path = UserViewModel.swift; sourceTree = "<group>"; };
		D20AC5032C05C12200E6C26A /* PlaygroundProject.swift */ = {isa = PBXFileReference; lastKnownFileType = sourcecode.swift; path = PlaygroundProject.swift; sourceTree = "<group>"; };
		D20AC5072C05C44700E6C26A /* GoogleService-Info.plist */ = {isa = PBXFileReference; fileEncoding = 4; lastKnownFileType = text.plist.xml; path = "GoogleService-Info.plist"; sourceTree = "<group>"; };
		D20AC51B2C05D8A300E6C26A /* LogInView.swift */ = {isa = PBXFileReference; lastKnownFileType = sourcecode.swift; path = LogInView.swift; sourceTree = "<group>"; };
		D20AC51D2C05D8B400E6C26A /* RegistrationView.swift */ = {isa = PBXFileReference; lastKnownFileType = sourcecode.swift; path = RegistrationView.swift; sourceTree = "<group>"; };
		D20AC51F2C05D96A00E6C26A /* InputView.swift */ = {isa = PBXFileReference; lastKnownFileType = sourcecode.swift; path = InputView.swift; sourceTree = "<group>"; };
		D20AC5212C05F78D00E6C26A /* HeaderView.swift */ = {isa = PBXFileReference; lastKnownFileType = sourcecode.swift; path = HeaderView.swift; sourceTree = "<group>"; };
		D20AC5232C05FC3500E6C26A /* CreatingProjectView.swift */ = {isa = PBXFileReference; lastKnownFileType = sourcecode.swift; path = CreatingProjectView.swift; sourceTree = "<group>"; };
		D218F86B2C0C9A93001976C1 /* Extensions.swift */ = {isa = PBXFileReference; lastKnownFileType = sourcecode.swift; path = Extensions.swift; sourceTree = "<group>"; };
		D25EED7D2C1AF1CB006BE45F /* BlockShapes.swift */ = {isa = PBXFileReference; lastKnownFileType = sourcecode.swift; path = BlockShapes.swift; sourceTree = "<group>"; };
		D25EED7F2C1B035D006BE45F /* CustomShapes.swift */ = {isa = PBXFileReference; lastKnownFileType = sourcecode.swift; path = CustomShapes.swift; sourceTree = "<group>"; };
		D282A5902C11CF28004D8FFF /* BlocksCategoryView.swift */ = {isa = PBXFileReference; lastKnownFileType = sourcecode.swift; path = BlocksCategoryView.swift; sourceTree = "<group>"; };
		D282A5922C11D297004D8FFF /* SceneView.swift */ = {isa = PBXFileReference; lastKnownFileType = sourcecode.swift; path = SceneView.swift; sourceTree = "<group>"; };
		D282A5942C11DE83004D8FFF /* CodeView.swift */ = {isa = PBXFileReference; lastKnownFileType = sourcecode.swift; path = CodeView.swift; sourceTree = "<group>"; };
		D2C804022C0B7ED4003B7DDF /* PlaygroundView.swift */ = {isa = PBXFileReference; lastKnownFileType = sourcecode.swift; path = PlaygroundView.swift; sourceTree = "<group>"; };
		D2F8F2A32C09BB2B00A95CB9 /* PlaygroundCharacter.swift */ = {isa = PBXFileReference; lastKnownFileType = sourcecode.swift; path = PlaygroundCharacter.swift; sourceTree = "<group>"; };
		D2F8F2A52C09BCB000A95CB9 /* CodeBlock.swift */ = {isa = PBXFileReference; lastKnownFileType = sourcecode.swift; path = CodeBlock.swift; sourceTree = "<group>"; };
		D2F8F2A72C09BF3E00A95CB9 /* ProjectViewModel.swift */ = {isa = PBXFileReference; lastKnownFileType = sourcecode.swift; path = ProjectViewModel.swift; sourceTree = "<group>"; };
		D2F8F2A92C09C37F00A95CB9 /* CharacterViewModel.swift */ = {isa = PBXFileReference; lastKnownFileType = sourcecode.swift; path = CharacterViewModel.swift; sourceTree = "<group>"; };
		D2F8F2AB2C09C4C600A95CB9 /* CodeBlockViewModel.swift */ = {isa = PBXFileReference; lastKnownFileType = sourcecode.swift; path = CodeBlockViewModel.swift; sourceTree = "<group>"; };
		D2F8F2AD2C09CE8E00A95CB9 /* PlaygroundPreview.swift */ = {isa = PBXFileReference; lastKnownFileType = sourcecode.swift; path = PlaygroundPreview.swift; sourceTree = "<group>"; };
/* End PBXFileReference section */

/* Begin PBXFrameworksBuildPhase section */
		D20AC4DA2C05BBA800E6C26A /* Frameworks */ = {
			isa = PBXFrameworksBuildPhase;
			buildActionMask = 2147483647;
			files = (
				D20AC50F2C05C54300E6C26A /* FirebaseDatabaseSwift in Frameworks */,
				D20AC5112C05C54300E6C26A /* FirebaseFirestore in Frameworks */,
				D20AC5192C05C54300E6C26A /* FirebaseStorageCombine-Community in Frameworks */,
				D20AC50D2C05C54300E6C26A /* FirebaseDatabase in Frameworks */,
				D20AC5132C05C54300E6C26A /* FirebaseFirestoreCombine-Community in Frameworks */,
				D20AC5172C05C54300E6C26A /* FirebaseStorage in Frameworks */,
				D20AC50B2C05C54300E6C26A /* FirebaseAuth in Frameworks */,
				D20AC5152C05C54300E6C26A /* FirebaseFirestoreSwift in Frameworks */,
			);
			runOnlyForDeploymentPostprocessing = 0;
		};
/* End PBXFrameworksBuildPhase section */

/* Begin PBXGroup section */
		D20AC4D42C05BBA700E6C26A = {
			isa = PBXGroup;
			children = (
				D20AC4DF2C05BBA800E6C26A /* CodePlayground */,
				D20AC4DE2C05BBA800E6C26A /* Products */,
			);
			sourceTree = "<group>";
		};
		D20AC4DE2C05BBA800E6C26A /* Products */ = {
			isa = PBXGroup;
			children = (
				D20AC4DD2C05BBA800E6C26A /* CodePlayground.app */,
			);
			name = Products;
			sourceTree = "<group>";
		};
		D20AC4DF2C05BBA800E6C26A /* CodePlayground */ = {
			isa = PBXGroup;
			children = (
				D20AC4EF2C05BC1F00E6C26A /* App */,
				D20AC4EE2C05BC1600E6C26A /* Core */,
				D20AC4E42C05BBA900E6C26A /* Assets.xcassets */,
				D20AC5072C05C44700E6C26A /* GoogleService-Info.plist */,
				D20AC4E62C05BBA900E6C26A /* Preview Content */,
			);
			path = CodePlayground;
			sourceTree = "<group>";
		};
		D20AC4E62C05BBA900E6C26A /* Preview Content */ = {
			isa = PBXGroup;
			children = (
				D20AC4E72C05BBA900E6C26A /* Preview Assets.xcassets */,
			);
			path = "Preview Content";
			sourceTree = "<group>";
		};
		D20AC4EE2C05BC1600E6C26A /* Core */ = {
			isa = PBXGroup;
			children = (
				D20AC4FE2C05C0C200E6C26A /* Protocols */,
				D20AC4F22C05BC5500E6C26A /* Models */,
				D20AC4F12C05BC3600E6C26A /* ViewModels */,
				D20AC4F02C05BC3100E6C26A /* Views */,
			);
			path = Core;
			sourceTree = "<group>";
		};
		D20AC4EF2C05BC1F00E6C26A /* App */ = {
			isa = PBXGroup;
			children = (
				D20AC4E02C05BBA800E6C26A /* CodePlaygroundApp.swift */,
			);
			path = App;
			sourceTree = "<group>";
		};
		D20AC4F02C05BC3100E6C26A /* Views */ = {
			isa = PBXGroup;
			children = (
				D20AC51A2C05D88800E6C26A /* Authentification */,
				D20AC4F72C05C00A00E6C26A /* Playground */,
				D20AC4F42C05BC6C00E6C26A /* Main */,
				D20AC4F32C05BC6200E6C26A /* Components */,
			);
			path = Views;
			sourceTree = "<group>";
		};
		D20AC4F12C05BC3600E6C26A /* ViewModels */ = {
			isa = PBXGroup;
			children = (
				D20AC5012C05C0F400E6C26A /* UserViewModel.swift */,
				D2F8F2A72C09BF3E00A95CB9 /* ProjectViewModel.swift */,
				D2F8F2A92C09C37F00A95CB9 /* CharacterViewModel.swift */,
				D2F8F2AB2C09C4C600A95CB9 /* CodeBlockViewModel.swift */,
			);
			path = ViewModels;
			sourceTree = "<group>";
		};
		D20AC4F22C05BC5500E6C26A /* Models */ = {
			isa = PBXGroup;
			children = (
				D20AC4FC2C05C0A400E6C26A /* User.swift */,
				D20AC5032C05C12200E6C26A /* PlaygroundProject.swift */,
				D2F8F2A32C09BB2B00A95CB9 /* PlaygroundCharacter.swift */,
				D2F8F2A52C09BCB000A95CB9 /* CodeBlock.swift */,
			);
			path = Models;
			sourceTree = "<group>";
		};
		D20AC4F32C05BC6200E6C26A /* Components */ = {
			isa = PBXGroup;
			children = (
				D20AC51F2C05D96A00E6C26A /* InputView.swift */,
				D20AC5212C05F78D00E6C26A /* HeaderView.swift */,
				D2F8F2AD2C09CE8E00A95CB9 /* PlaygroundPreview.swift */,
				D218F86B2C0C9A93001976C1 /* Extensions.swift */,
				D282A5902C11CF28004D8FFF /* BlocksCategoryView.swift */,
				D25EED7D2C1AF1CB006BE45F /* BlockShapes.swift */,
				D25EED7F2C1B035D006BE45F /* CustomShapes.swift */,
			);
			path = Components;
			sourceTree = "<group>";
		};
		D20AC4F42C05BC6C00E6C26A /* Main */ = {
			isa = PBXGroup;
			children = (
				D20AC4E22C05BBA800E6C26A /* ContentView.swift */,
				D20AC4F82C05C02C00E6C26A /* UserView.swift */,
				D20AC4FA2C05C06800E6C26A /* SettingsView.swift */,
				D20AC4F52C05BFC500E6C26A /* HomeView.swift */,
			);
			path = Main;
			sourceTree = "<group>";
		};
		D20AC4F72C05C00A00E6C26A /* Playground */ = {
			isa = PBXGroup;
			children = (
				D20AC5232C05FC3500E6C26A /* CreatingProjectView.swift */,
				D2C804022C0B7ED4003B7DDF /* PlaygroundView.swift */,
				D282A5922C11D297004D8FFF /* SceneView.swift */,
				D282A5942C11DE83004D8FFF /* CodeView.swift */,
			);
			path = Playground;
			sourceTree = "<group>";
		};
		D20AC4FE2C05C0C200E6C26A /* Protocols */ = {
			isa = PBXGroup;
			children = (
				D20AC4FF2C05C0D200E6C26A /* BlockProtocol.swift */,
			);
			path = Protocols;
			sourceTree = "<group>";
		};
		D20AC51A2C05D88800E6C26A /* Authentification */ = {
			isa = PBXGroup;
			children = (
				D20AC51B2C05D8A300E6C26A /* LogInView.swift */,
				D20AC51D2C05D8B400E6C26A /* RegistrationView.swift */,
			);
			path = Authentification;
			sourceTree = "<group>";
		};
/* End PBXGroup section */

/* Begin PBXNativeTarget section */
		D20AC4DC2C05BBA800E6C26A /* CodePlayground */ = {
			isa = PBXNativeTarget;
			buildConfigurationList = D20AC4EB2C05BBA900E6C26A /* Build configuration list for PBXNativeTarget "CodePlayground" */;
			buildPhases = (
				D20AC4D92C05BBA800E6C26A /* Sources */,
				D20AC4DA2C05BBA800E6C26A /* Frameworks */,
				D20AC4DB2C05BBA800E6C26A /* Resources */,
			);
			buildRules = (
			);
			dependencies = (
			);
			name = CodePlayground;
			packageProductDependencies = (
				D20AC50A2C05C54300E6C26A /* FirebaseAuth */,
				D20AC50C2C05C54300E6C26A /* FirebaseDatabase */,
				D20AC50E2C05C54300E6C26A /* FirebaseDatabaseSwift */,
				D20AC5102C05C54300E6C26A /* FirebaseFirestore */,
				D20AC5122C05C54300E6C26A /* FirebaseFirestoreCombine-Community */,
				D20AC5142C05C54300E6C26A /* FirebaseFirestoreSwift */,
				D20AC5162C05C54300E6C26A /* FirebaseStorage */,
				D20AC5182C05C54300E6C26A /* FirebaseStorageCombine-Community */,
			);
			productName = CodePlayground;
			productReference = D20AC4DD2C05BBA800E6C26A /* CodePlayground.app */;
			productType = "com.apple.product-type.application";
		};
/* End PBXNativeTarget section */

/* Begin PBXProject section */
		D20AC4D52C05BBA700E6C26A /* Project object */ = {
			isa = PBXProject;
			attributes = {
				BuildIndependentTargetsInParallel = 1;
				LastSwiftUpdateCheck = 1530;
				LastUpgradeCheck = 1530;
				TargetAttributes = {
					D20AC4DC2C05BBA800E6C26A = {
						CreatedOnToolsVersion = 15.3;
					};
				};
			};
			buildConfigurationList = D20AC4D82C05BBA700E6C26A /* Build configuration list for PBXProject "CodePlayground" */;
			compatibilityVersion = "Xcode 14.0";
			developmentRegion = en;
			hasScannedForEncodings = 0;
			knownRegions = (
				en,
				Base,
			);
			mainGroup = D20AC4D42C05BBA700E6C26A;
			packageReferences = (
				D20AC5092C05C54200E6C26A /* XCRemoteSwiftPackageReference "firebase-ios-sdk" */,
			);
			productRefGroup = D20AC4DE2C05BBA800E6C26A /* Products */;
			projectDirPath = "";
			projectRoot = "";
			targets = (
				D20AC4DC2C05BBA800E6C26A /* CodePlayground */,
			);
		};
/* End PBXProject section */

/* Begin PBXResourcesBuildPhase section */
		D20AC4DB2C05BBA800E6C26A /* Resources */ = {
			isa = PBXResourcesBuildPhase;
			buildActionMask = 2147483647;
			files = (
				D20AC4E82C05BBA900E6C26A /* Preview Assets.xcassets in Resources */,
				D20AC4E52C05BBA900E6C26A /* Assets.xcassets in Resources */,
				D20AC5082C05C44700E6C26A /* GoogleService-Info.plist in Resources */,
			);
			runOnlyForDeploymentPostprocessing = 0;
		};
/* End PBXResourcesBuildPhase section */

/* Begin PBXSourcesBuildPhase section */
		D20AC4D92C05BBA800E6C26A /* Sources */ = {
			isa = PBXSourcesBuildPhase;
			buildActionMask = 2147483647;
			files = (
				D2F8F2A62C09BCB000A95CB9 /* CodeBlock.swift in Sources */,
				D20AC51E2C05D8B400E6C26A /* RegistrationView.swift in Sources */,
				D282A5932C11D297004D8FFF /* SceneView.swift in Sources */,
				D25EED802C1B035D006BE45F /* CustomShapes.swift in Sources */,
				D282A5952C11DE83004D8FFF /* CodeView.swift in Sources */,
				D20AC5242C05FC3500E6C26A /* CreatingProjectView.swift in Sources */,
				D20AC51C2C05D8A300E6C26A /* LogInView.swift in Sources */,
				D20AC4FB2C05C06800E6C26A /* SettingsView.swift in Sources */,
				D2F8F2AE2C09CE8E00A95CB9 /* PlaygroundPreview.swift in Sources */,
				D20AC5022C05C0F400E6C26A /* UserViewModel.swift in Sources */,
				D2C804032C0B7ED4003B7DDF /* PlaygroundView.swift in Sources */,
				D20AC5042C05C12200E6C26A /* PlaygroundProject.swift in Sources */,
				D25EED7E2C1AF1CB006BE45F /* BlockShapes.swift in Sources */,
				D218F86C2C0C9A93001976C1 /* Extensions.swift in Sources */,
				D20AC4F62C05BFC500E6C26A /* HomeView.swift in Sources */,
				D20AC4FD2C05C0A400E6C26A /* User.swift in Sources */,
				D2F8F2A82C09BF3E00A95CB9 /* ProjectViewModel.swift in Sources */,
				D2F8F2AA2C09C37F00A95CB9 /* CharacterViewModel.swift in Sources */,
				D20AC5002C05C0D200E6C26A /* BlockProtocol.swift in Sources */,
				D2F8F2A42C09BB2B00A95CB9 /* PlaygroundCharacter.swift in Sources */,
				D20AC4E32C05BBA800E6C26A /* ContentView.swift in Sources */,
				D282A5912C11CF28004D8FFF /* BlocksCategoryView.swift in Sources */,
				D20AC5202C05D96A00E6C26A /* InputView.swift in Sources */,
				D20AC4E12C05BBA800E6C26A /* CodePlaygroundApp.swift in Sources */,
				D2F8F2AC2C09C4C600A95CB9 /* CodeBlockViewModel.swift in Sources */,
				D20AC4F92C05C02C00E6C26A /* UserView.swift in Sources */,
				D20AC5222C05F78D00E6C26A /* HeaderView.swift in Sources */,
			);
			runOnlyForDeploymentPostprocessing = 0;
		};
/* End PBXSourcesBuildPhase section */

/* Begin XCBuildConfiguration section */
		D20AC4E92C05BBA900E6C26A /* Debug */ = {
			isa = XCBuildConfiguration;
			buildSettings = {
				ALWAYS_SEARCH_USER_PATHS = NO;
				ASSETCATALOG_COMPILER_GENERATE_SWIFT_ASSET_SYMBOL_EXTENSIONS = YES;
				CLANG_ANALYZER_NONNULL = YES;
				CLANG_ANALYZER_NUMBER_OBJECT_CONVERSION = YES_AGGRESSIVE;
				CLANG_CXX_LANGUAGE_STANDARD = "gnu++20";
				CLANG_ENABLE_MODULES = YES;
				CLANG_ENABLE_OBJC_ARC = YES;
				CLANG_ENABLE_OBJC_WEAK = YES;
				CLANG_WARN_BLOCK_CAPTURE_AUTORELEASING = YES;
				CLANG_WARN_BOOL_CONVERSION = YES;
				CLANG_WARN_COMMA = YES;
				CLANG_WARN_CONSTANT_CONVERSION = YES;
				CLANG_WARN_DEPRECATED_OBJC_IMPLEMENTATIONS = YES;
				CLANG_WARN_DIRECT_OBJC_ISA_USAGE = YES_ERROR;
				CLANG_WARN_DOCUMENTATION_COMMENTS = YES;
				CLANG_WARN_EMPTY_BODY = YES;
				CLANG_WARN_ENUM_CONVERSION = YES;
				CLANG_WARN_INFINITE_RECURSION = YES;
				CLANG_WARN_INT_CONVERSION = YES;
				CLANG_WARN_NON_LITERAL_NULL_CONVERSION = YES;
				CLANG_WARN_OBJC_IMPLICIT_RETAIN_SELF = YES;
				CLANG_WARN_OBJC_LITERAL_CONVERSION = YES;
				CLANG_WARN_OBJC_ROOT_CLASS = YES_ERROR;
				CLANG_WARN_QUOTED_INCLUDE_IN_FRAMEWORK_HEADER = YES;
				CLANG_WARN_RANGE_LOOP_ANALYSIS = YES;
				CLANG_WARN_STRICT_PROTOTYPES = YES;
				CLANG_WARN_SUSPICIOUS_MOVE = YES;
				CLANG_WARN_UNGUARDED_AVAILABILITY = YES_AGGRESSIVE;
				CLANG_WARN_UNREACHABLE_CODE = YES;
				CLANG_WARN__DUPLICATE_METHOD_MATCH = YES;
				COPY_PHASE_STRIP = NO;
				DEBUG_INFORMATION_FORMAT = dwarf;
				ENABLE_STRICT_OBJC_MSGSEND = YES;
				ENABLE_TESTABILITY = YES;
				ENABLE_USER_SCRIPT_SANDBOXING = YES;
				GCC_C_LANGUAGE_STANDARD = gnu17;
				GCC_DYNAMIC_NO_PIC = NO;
				GCC_NO_COMMON_BLOCKS = YES;
				GCC_OPTIMIZATION_LEVEL = 0;
				GCC_PREPROCESSOR_DEFINITIONS = (
					"DEBUG=1",
					"$(inherited)",
				);
				GCC_WARN_64_TO_32_BIT_CONVERSION = YES;
				GCC_WARN_ABOUT_RETURN_TYPE = YES_ERROR;
				GCC_WARN_UNDECLARED_SELECTOR = YES;
				GCC_WARN_UNINITIALIZED_AUTOS = YES_AGGRESSIVE;
				GCC_WARN_UNUSED_FUNCTION = YES;
				GCC_WARN_UNUSED_VARIABLE = YES;
				IPHONEOS_DEPLOYMENT_TARGET = 17.4;
				LOCALIZATION_PREFERS_STRING_CATALOGS = YES;
				MTL_ENABLE_DEBUG_INFO = INCLUDE_SOURCE;
				MTL_FAST_MATH = YES;
				ONLY_ACTIVE_ARCH = YES;
				SDKROOT = iphoneos;
				SWIFT_ACTIVE_COMPILATION_CONDITIONS = "DEBUG $(inherited)";
				SWIFT_OPTIMIZATION_LEVEL = "-Onone";
			};
			name = Debug;
		};
		D20AC4EA2C05BBA900E6C26A /* Release */ = {
			isa = XCBuildConfiguration;
			buildSettings = {
				ALWAYS_SEARCH_USER_PATHS = NO;
				ASSETCATALOG_COMPILER_GENERATE_SWIFT_ASSET_SYMBOL_EXTENSIONS = YES;
				CLANG_ANALYZER_NONNULL = YES;
				CLANG_ANALYZER_NUMBER_OBJECT_CONVERSION = YES_AGGRESSIVE;
				CLANG_CXX_LANGUAGE_STANDARD = "gnu++20";
				CLANG_ENABLE_MODULES = YES;
				CLANG_ENABLE_OBJC_ARC = YES;
				CLANG_ENABLE_OBJC_WEAK = YES;
				CLANG_WARN_BLOCK_CAPTURE_AUTORELEASING = YES;
				CLANG_WARN_BOOL_CONVERSION = YES;
				CLANG_WARN_COMMA = YES;
				CLANG_WARN_CONSTANT_CONVERSION = YES;
				CLANG_WARN_DEPRECATED_OBJC_IMPLEMENTATIONS = YES;
				CLANG_WARN_DIRECT_OBJC_ISA_USAGE = YES_ERROR;
				CLANG_WARN_DOCUMENTATION_COMMENTS = YES;
				CLANG_WARN_EMPTY_BODY = YES;
				CLANG_WARN_ENUM_CONVERSION = YES;
				CLANG_WARN_INFINITE_RECURSION = YES;
				CLANG_WARN_INT_CONVERSION = YES;
				CLANG_WARN_NON_LITERAL_NULL_CONVERSION = YES;
				CLANG_WARN_OBJC_IMPLICIT_RETAIN_SELF = YES;
				CLANG_WARN_OBJC_LITERAL_CONVERSION = YES;
				CLANG_WARN_OBJC_ROOT_CLASS = YES_ERROR;
				CLANG_WARN_QUOTED_INCLUDE_IN_FRAMEWORK_HEADER = YES;
				CLANG_WARN_RANGE_LOOP_ANALYSIS = YES;
				CLANG_WARN_STRICT_PROTOTYPES = YES;
				CLANG_WARN_SUSPICIOUS_MOVE = YES;
				CLANG_WARN_UNGUARDED_AVAILABILITY = YES_AGGRESSIVE;
				CLANG_WARN_UNREACHABLE_CODE = YES;
				CLANG_WARN__DUPLICATE_METHOD_MATCH = YES;
				COPY_PHASE_STRIP = NO;
				DEBUG_INFORMATION_FORMAT = "dwarf-with-dsym";
				ENABLE_NS_ASSERTIONS = NO;
				ENABLE_STRICT_OBJC_MSGSEND = YES;
				ENABLE_USER_SCRIPT_SANDBOXING = YES;
				GCC_C_LANGUAGE_STANDARD = gnu17;
				GCC_NO_COMMON_BLOCKS = YES;
				GCC_WARN_64_TO_32_BIT_CONVERSION = YES;
				GCC_WARN_ABOUT_RETURN_TYPE = YES_ERROR;
				GCC_WARN_UNDECLARED_SELECTOR = YES;
				GCC_WARN_UNINITIALIZED_AUTOS = YES_AGGRESSIVE;
				GCC_WARN_UNUSED_FUNCTION = YES;
				GCC_WARN_UNUSED_VARIABLE = YES;
				IPHONEOS_DEPLOYMENT_TARGET = 17.4;
				LOCALIZATION_PREFERS_STRING_CATALOGS = YES;
				MTL_ENABLE_DEBUG_INFO = NO;
				MTL_FAST_MATH = YES;
				SDKROOT = iphoneos;
				SWIFT_COMPILATION_MODE = wholemodule;
				VALIDATE_PRODUCT = YES;
			};
			name = Release;
		};
		D20AC4EC2C05BBA900E6C26A /* Debug */ = {
			isa = XCBuildConfiguration;
			buildSettings = {
				ASSETCATALOG_COMPILER_APPICON_NAME = AppIcon;
				ASSETCATALOG_COMPILER_GLOBAL_ACCENT_COLOR_NAME = AccentColor;
				CODE_SIGN_STYLE = Automatic;
				CURRENT_PROJECT_VERSION = 1;
				DEVELOPMENT_ASSET_PATHS = "\"CodePlayground/Preview Content\"";
				DEVELOPMENT_TEAM = JZ655BK338;
				ENABLE_PREVIEWS = YES;
				GENERATE_INFOPLIST_FILE = YES;
				INFOPLIST_KEY_UIApplicationSceneManifest_Generation = YES;
				INFOPLIST_KEY_UIApplicationSupportsIndirectInputEvents = YES;
				INFOPLIST_KEY_UILaunchScreen_Generation = YES;
				INFOPLIST_KEY_UISupportedInterfaceOrientations_iPad = "UIInterfaceOrientationPortrait UIInterfaceOrientationPortraitUpsideDown UIInterfaceOrientationLandscapeLeft UIInterfaceOrientationLandscapeRight";
				INFOPLIST_KEY_UISupportedInterfaceOrientations_iPhone = UIInterfaceOrientationLandscapeRight;
				LD_RUNPATH_SEARCH_PATHS = (
					"$(inherited)",
					"@executable_path/Frameworks",
				);
				MARKETING_VERSION = 1.0;
				PRODUCT_BUNDLE_IDENTIFIER = novs.CodePlayground;
				PRODUCT_NAME = "$(TARGET_NAME)";
				SWIFT_EMIT_LOC_STRINGS = YES;
				SWIFT_VERSION = 5.0;
				TARGETED_DEVICE_FAMILY = "1,2";
			};
			name = Debug;
		};
		D20AC4ED2C05BBA900E6C26A /* Release */ = {
			isa = XCBuildConfiguration;
			buildSettings = {
				ASSETCATALOG_COMPILER_APPICON_NAME = AppIcon;
				ASSETCATALOG_COMPILER_GLOBAL_ACCENT_COLOR_NAME = AccentColor;
				CODE_SIGN_STYLE = Automatic;
				CURRENT_PROJECT_VERSION = 1;
				DEVELOPMENT_ASSET_PATHS = "\"CodePlayground/Preview Content\"";
				DEVELOPMENT_TEAM = JZ655BK338;
				ENABLE_PREVIEWS = YES;
				GENERATE_INFOPLIST_FILE = YES;
				INFOPLIST_KEY_UIApplicationSceneManifest_Generation = YES;
				INFOPLIST_KEY_UIApplicationSupportsIndirectInputEvents = YES;
				INFOPLIST_KEY_UILaunchScreen_Generation = YES;
				INFOPLIST_KEY_UISupportedInterfaceOrientations_iPad = "UIInterfaceOrientationPortrait UIInterfaceOrientationPortraitUpsideDown UIInterfaceOrientationLandscapeLeft UIInterfaceOrientationLandscapeRight";
				INFOPLIST_KEY_UISupportedInterfaceOrientations_iPhone = UIInterfaceOrientationLandscapeRight;
				LD_RUNPATH_SEARCH_PATHS = (
					"$(inherited)",
					"@executable_path/Frameworks",
				);
				MARKETING_VERSION = 1.0;
				PRODUCT_BUNDLE_IDENTIFIER = novs.CodePlayground;
				PRODUCT_NAME = "$(TARGET_NAME)";
				SWIFT_EMIT_LOC_STRINGS = YES;
				SWIFT_VERSION = 5.0;
				TARGETED_DEVICE_FAMILY = "1,2";
			};
			name = Release;
		};
/* End XCBuildConfiguration section */

/* Begin XCConfigurationList section */
		D20AC4D82C05BBA700E6C26A /* Build configuration list for PBXProject "CodePlayground" */ = {
			isa = XCConfigurationList;
			buildConfigurations = (
				D20AC4E92C05BBA900E6C26A /* Debug */,
				D20AC4EA2C05BBA900E6C26A /* Release */,
			);
			defaultConfigurationIsVisible = 0;
			defaultConfigurationName = Release;
		};
		D20AC4EB2C05BBA900E6C26A /* Build configuration list for PBXNativeTarget "CodePlayground" */ = {
			isa = XCConfigurationList;
			buildConfigurations = (
				D20AC4EC2C05BBA900E6C26A /* Debug */,
				D20AC4ED2C05BBA900E6C26A /* Release */,
			);
			defaultConfigurationIsVisible = 0;
			defaultConfigurationName = Release;
		};
/* End XCConfigurationList section */

/* Begin XCRemoteSwiftPackageReference section */
		D20AC5092C05C54200E6C26A /* XCRemoteSwiftPackageReference "firebase-ios-sdk" */ = {
			isa = XCRemoteSwiftPackageReference;
			repositoryURL = "https://github.com/firebase/firebase-ios-sdk";
			requirement = {
				kind = upToNextMajorVersion;
				minimumVersion = 10.26.0;
			};
		};
/* End XCRemoteSwiftPackageReference section */

/* Begin XCSwiftPackageProductDependency section */
		D20AC50A2C05C54300E6C26A /* FirebaseAuth */ = {
			isa = XCSwiftPackageProductDependency;
			package = D20AC5092C05C54200E6C26A /* XCRemoteSwiftPackageReference "firebase-ios-sdk" */;
			productName = FirebaseAuth;
		};
		D20AC50C2C05C54300E6C26A /* FirebaseDatabase */ = {
			isa = XCSwiftPackageProductDependency;
			package = D20AC5092C05C54200E6C26A /* XCRemoteSwiftPackageReference "firebase-ios-sdk" */;
			productName = FirebaseDatabase;
		};
		D20AC50E2C05C54300E6C26A /* FirebaseDatabaseSwift */ = {
			isa = XCSwiftPackageProductDependency;
			package = D20AC5092C05C54200E6C26A /* XCRemoteSwiftPackageReference "firebase-ios-sdk" */;
			productName = FirebaseDatabaseSwift;
		};
		D20AC5102C05C54300E6C26A /* FirebaseFirestore */ = {
			isa = XCSwiftPackageProductDependency;
			package = D20AC5092C05C54200E6C26A /* XCRemoteSwiftPackageReference "firebase-ios-sdk" */;
			productName = FirebaseFirestore;
		};
		D20AC5122C05C54300E6C26A /* FirebaseFirestoreCombine-Community */ = {
			isa = XCSwiftPackageProductDependency;
			package = D20AC5092C05C54200E6C26A /* XCRemoteSwiftPackageReference "firebase-ios-sdk" */;
			productName = "FirebaseFirestoreCombine-Community";
		};
		D20AC5142C05C54300E6C26A /* FirebaseFirestoreSwift */ = {
			isa = XCSwiftPackageProductDependency;
			package = D20AC5092C05C54200E6C26A /* XCRemoteSwiftPackageReference "firebase-ios-sdk" */;
			productName = FirebaseFirestoreSwift;
		};
		D20AC5162C05C54300E6C26A /* FirebaseStorage */ = {
			isa = XCSwiftPackageProductDependency;
			package = D20AC5092C05C54200E6C26A /* XCRemoteSwiftPackageReference "firebase-ios-sdk" */;
			productName = FirebaseStorage;
		};
		D20AC5182C05C54300E6C26A /* FirebaseStorageCombine-Community */ = {
			isa = XCSwiftPackageProductDependency;
			package = D20AC5092C05C54200E6C26A /* XCRemoteSwiftPackageReference "firebase-ios-sdk" */;
			productName = "FirebaseStorageCombine-Community";
		};
/* End XCSwiftPackageProductDependency section */
	};
	rootObject = D20AC4D52C05BBA700E6C26A /* Project object */;
}
